
Microsoft Visual Studio Solution File, Format Version 12.00
# Visual Studio Version 17
VisualStudioVersion = 17.1.32210.238
MinimumVisualStudioVersion = 10.0.40219.1
Project("{FAE04EC0-301F-11D3-BF4B-00C04F79EFBC}") = "bai4_4", "bai4_4\bai4_4.csproj", "{FE25B9B1-37E2-41D5-A53D-90AC0F4B3C1C}"
EndProject
Global
	GlobalSection(SolutionConfigurationPlatforms) = preSolution
		Debug|Any CPU = Debug|Any CPU
		Release|Any CPU = Release|Any CPU
	EndGlobalSection
	GlobalSection(ProjectConfigurationPlatforms) = postSolution
		{FE25B9B1-37E2-41D5-A53D-90AC0F4B3C1C}.Debug|Any CPU.ActiveCfg = Debug|Any CPU
		{FE25B9B1-37E2-41D5-A53D-90AC0F4B3C1C}.Debug|Any CPU.Build.0 = Debug|Any CPU
		{FE25B9B1-37E2-41D5-A53D-90AC0F4B3C1C}.Release|Any CPU.ActiveCfg = Release|Any CPU
		{FE25B9B1-37E2-41D5-A53D-90AC0F4B3C1C}.Release|Any CPU.Build.0 = Release|Any CPU
	EndGlobalSection
	GlobalSection(SolutionProperties) = preSolution
		HideSolutionNode = FALSE
	EndGlobalSection
	GlobalSection(ExtensibilityGlobals) = postSolution
		SolutionGuid = {D45345A3-3264-475A-A386-1B290CEE15FF}
	EndGlobalSection
EndGlobal
