
Microsoft Visual Studio Solution File, Format Version 12.00
# Visual Studio Version 17
VisualStudioVersion = 17.1.32210.238
MinimumVisualStudioVersion = 10.0.40219.1
Project("{FAE04EC0-301F-11D3-BF4B-00C04F79EFBC}") = "ThucHanh", "ThucHanh\ThucHanh.csproj", "{7353461C-5DB1-4C58-B212-9AF3728BCAED}"
EndProject
Global
	GlobalSection(SolutionConfigurationPlatforms) = preSolution
		Debug|Any CPU = Debug|Any CPU
		Release|Any CPU = Release|Any CPU
	EndGlobalSection
	GlobalSection(ProjectConfigurationPlatforms) = postSolution
		{7353461C-5DB1-4C58-B212-9AF3728BCAED}.Debug|Any CPU.ActiveCfg = Debug|Any CPU
		{7353461C-5DB1-4C58-B212-9AF3728BCAED}.Debug|Any CPU.Build.0 = Debug|Any CPU
		{7353461C-5DB1-4C58-B212-9AF3728BCAED}.Release|Any CPU.ActiveCfg = Release|Any CPU
		{7353461C-5DB1-4C58-B212-9AF3728BCAED}.Release|Any CPU.Build.0 = Release|Any CPU
	EndGlobalSection
	GlobalSection(SolutionProperties) = preSolution
		HideSolutionNode = FALSE
	EndGlobalSection
	GlobalSection(ExtensibilityGlobals) = postSolution
		SolutionGuid = {5122A4D1-7E2C-4364-9CFE-65F8BEB84D0D}
	EndGlobalSection
EndGlobal
