
Microsoft Visual Studio Solution File, Format Version 12.00
# Visual Studio Version 17
VisualStudioVersion = 17.1.32210.238
MinimumVisualStudioVersion = 10.0.40219.1
Project("{FAE04EC0-301F-11D3-BF4B-00C04F79EFBC}") = "Asm1", "Asm1\Asm1.csproj", "{BCF788E3-9B4C-42F3-84AF-0F970904DA95}"
EndProject
Global
	GlobalSection(SolutionConfigurationPlatforms) = preSolution
		Debug|Any CPU = Debug|Any CPU
		Release|Any CPU = Release|Any CPU
	EndGlobalSection
	GlobalSection(ProjectConfigurationPlatforms) = postSolution
		{BCF788E3-9B4C-42F3-84AF-0F970904DA95}.Debug|Any CPU.ActiveCfg = Debug|Any CPU
		{BCF788E3-9B4C-42F3-84AF-0F970904DA95}.Debug|Any CPU.Build.0 = Debug|Any CPU
		{BCF788E3-9B4C-42F3-84AF-0F970904DA95}.Release|Any CPU.ActiveCfg = Release|Any CPU
		{BCF788E3-9B4C-42F3-84AF-0F970904DA95}.Release|Any CPU.Build.0 = Release|Any CPU
	EndGlobalSection
	GlobalSection(SolutionProperties) = preSolution
		HideSolutionNode = FALSE
	EndGlobalSection
	GlobalSection(ExtensibilityGlobals) = postSolution
		SolutionGuid = {83A3054D-B31E-4035-A81E-A62CCD5D189E}
	EndGlobalSection
EndGlobal
